
Microsoft Visual Studio Solution File, Format Version 12.00
# Visual Studio Version 16
VisualStudioVersion = 16.0.29519.181
MinimumVisualStudioVersion = 10.0.40219.1
Project("{FAE04EC0-301F-11D3-BF4B-00C04F79EFBC}") = "DickinsonBros.RC.IntegrationTests", "DickinsonBros.RC.IntegrationTests\DickinsonBros.RC.IntegrationTests.csproj", "{04516483-0BA5-45B7-B39A-5BA8C6547E62}"
EndProject
Global
	GlobalSection(SolutionConfigurationPlatforms) = preSolution
		Debug|Any CPU = Debug|Any CPU
		Release|Any CPU = Release|Any CPU
	EndGlobalSection
	GlobalSection(ProjectConfigurationPlatforms) = postSolution
		{04516483-0BA5-45B7-B39A-5BA8C6547E62}.Debug|Any CPU.ActiveCfg = Debug|Any CPU
		{04516483-0BA5-45B7-B39A-5BA8C6547E62}.Debug|Any CPU.Build.0 = Debug|Any CPU
		{04516483-0BA5-45B7-B39A-5BA8C6547E62}.Release|Any CPU.ActiveCfg = Release|Any CPU
		{04516483-0BA5-45B7-B39A-5BA8C6547E62}.Release|Any CPU.Build.0 = Release|Any CPU
	EndGlobalSection
	GlobalSection(SolutionProperties) = preSolution
		HideSolutionNode = FALSE
	EndGlobalSection
	GlobalSection(ExtensibilityGlobals) = postSolution
		SolutionGuid = {FF7DB449-4FAA-48DA-937C-DBAFEE61BA91}
	EndGlobalSection
EndGlobal
